
Microsoft Visual Studio Solution File, Format Version 12.00
# Visual Studio Version 17
VisualStudioVersion = 17.11.35222.181
MinimumVisualStudioVersion = 10.0.40219.1
Project("{FAE04EC0-301F-11D3-BF4B-00C04F79EFBC}") = "Приклад 7", "Приклад 7.csproj", "{3764130B-E81D-4318-8484-0054E07064C3}"
EndProject
Global
	GlobalSection(SolutionConfigurationPlatforms) = preSolution
		Debug|Any CPU = Debug|Any CPU
		Release|Any CPU = Release|Any CPU
	EndGlobalSection
	GlobalSection(ProjectConfigurationPlatforms) = postSolution
		{3764130B-E81D-4318-8484-0054E07064C3}.Debug|Any CPU.ActiveCfg = Debug|Any CPU
		{3764130B-E81D-4318-8484-0054E07064C3}.Debug|Any CPU.Build.0 = Debug|Any CPU
		{3764130B-E81D-4318-8484-0054E07064C3}.Release|Any CPU.ActiveCfg = Release|Any CPU
		{3764130B-E81D-4318-8484-0054E07064C3}.Release|Any CPU.Build.0 = Release|Any CPU
	EndGlobalSection
	GlobalSection(SolutionProperties) = preSolution
		HideSolutionNode = FALSE
	EndGlobalSection
	GlobalSection(ExtensibilityGlobals) = postSolution
		SolutionGuid = {BE076BA1-57B1-4441-8114-411980E630C2}
	EndGlobalSection
EndGlobal
